
Microsoft Visual Studio Solution File, Format Version 12.00
# Visual Studio Version 17
VisualStudioVersion = 17.7.34221.43
MinimumVisualStudioVersion = 10.0.40219.1
Project("{FAE04EC0-301F-11D3-BF4B-00C04F79EFBC}") = "AuthenticodeLint", "AuthenticodeLint\AuthenticodeLint.csproj", "{FF77FAED-3274-4C0E-BDA0-98D8A5FA831E}"
EndProject
Project("{FAE04EC0-301F-11D3-BF4B-00C04F79EFBC}") = "AuthenticodeLintTests", "AuthenticodeLintTests\AuthenticodeLintTests.csproj", "{4DDF26B6-A097-4427-B3A3-BA886A6A598B}"
EndProject
Global
	GlobalSection(SolutionConfigurationPlatforms) = preSolution
		Debug|Any CPU = Debug|Any CPU
		Release|Any CPU = Release|Any CPU
	EndGlobalSection
	GlobalSection(ProjectConfigurationPlatforms) = postSolution
		{FF77FAED-3274-4C0E-BDA0-98D8A5FA831E}.Debug|Any CPU.ActiveCfg = Debug|Any CPU
		{FF77FAED-3274-4C0E-BDA0-98D8A5FA831E}.Debug|Any CPU.Build.0 = Debug|Any CPU
		{FF77FAED-3274-4C0E-BDA0-98D8A5FA831E}.Release|Any CPU.ActiveCfg = Release|Any CPU
		{FF77FAED-3274-4C0E-BDA0-98D8A5FA831E}.Release|Any CPU.Build.0 = Release|Any CPU
		{4DDF26B6-A097-4427-B3A3-BA886A6A598B}.Debug|Any CPU.ActiveCfg = Debug|Any CPU
		{4DDF26B6-A097-4427-B3A3-BA886A6A598B}.Debug|Any CPU.Build.0 = Debug|Any CPU
		{4DDF26B6-A097-4427-B3A3-BA886A6A598B}.Release|Any CPU.ActiveCfg = Release|Any CPU
		{4DDF26B6-A097-4427-B3A3-BA886A6A598B}.Release|Any CPU.Build.0 = Release|Any CPU
	EndGlobalSection
	GlobalSection(SolutionProperties) = preSolution
		HideSolutionNode = FALSE
	EndGlobalSection
EndGlobal
